
Microsoft Visual Studio Solution File, Format Version 12.00
# Visual Studio 15
VisualStudioVersion = 15.0.28307.539
MinimumVisualStudioVersion = 10.0.40219.1
Project("{F184B08F-C81C-45F6-A57F-5ABD9991F28F}") = "WindowsApp1", "WindowsApp1\WindowsApp1.vbproj", "{AFC841F0-B179-4C85-A29F-CE989A564AFA}"
EndProject
Global
	GlobalSection(SolutionConfigurationPlatforms) = preSolution
		Debug|Any CPU = Debug|Any CPU
		Release|Any CPU = Release|Any CPU
	EndGlobalSection
	GlobalSection(ProjectConfigurationPlatforms) = postSolution
		{AFC841F0-B179-4C85-A29F-CE989A564AFA}.Debug|Any CPU.ActiveCfg = Debug|Any CPU
		{AFC841F0-B179-4C85-A29F-CE989A564AFA}.Debug|Any CPU.Build.0 = Debug|Any CPU
		{AFC841F0-B179-4C85-A29F-CE989A564AFA}.Release|Any CPU.ActiveCfg = Release|Any CPU
		{AFC841F0-B179-4C85-A29F-CE989A564AFA}.Release|Any CPU.Build.0 = Release|Any CPU
	EndGlobalSection
	GlobalSection(SolutionProperties) = preSolution
		HideSolutionNode = FALSE
	EndGlobalSection
	GlobalSection(ExtensibilityGlobals) = postSolution
		SolutionGuid = {401DCD6A-2797-49B8-8FF6-895936550E8C}
	EndGlobalSection
EndGlobal
